
Microsoft Visual Studio Solution File, Format Version 12.00
# Visual Studio 2012
Project("{FAE04EC0-301F-11D3-BF4B-00C04F79EFBC}") = "ConsoleApplication1", "ConsoleApplication1.csproj", "{A9D0372F-74E2-43D9-B0D6-36FED59AF6AA}"
EndProject
Global
	GlobalSection(SolutionConfigurationPlatforms) = preSolution
		Debug|Any CPU = Debug|Any CPU
		Release|Any CPU = Release|Any CPU
	EndGlobalSection
	GlobalSection(ProjectConfigurationPlatforms) = postSolution
		{A9D0372F-74E2-43D9-B0D6-36FED59AF6AA}.Debug|Any CPU.ActiveCfg = Debug|Any CPU
		{A9D0372F-74E2-43D9-B0D6-36FED59AF6AA}.Debug|Any CPU.Build.0 = Debug|Any CPU
		{A9D0372F-74E2-43D9-B0D6-36FED59AF6AA}.Release|Any CPU.ActiveCfg = Release|Any CPU
		{A9D0372F-74E2-43D9-B0D6-36FED59AF6AA}.Release|Any CPU.Build.0 = Release|Any CPU
	EndGlobalSection
	GlobalSection(SolutionProperties) = preSolution
		HideSolutionNode = FALSE
	EndGlobalSection
EndGlobal
